// !$*UTF8*$!
{
	archiveVersion = 1;
	classes = {
	};
	objectVersion = 48;
	objects = {

/* Begin PBXBuildFile section */
		E628CFBF1FC6C18E00515345 /* AppDelegate.m in Sources */ = {isa = PBXBuildFile; fileRef = E628CFBE1FC6C18E00515345 /* AppDelegate.m */; };
		E628CFC21FC6C18E00515345 /* ViewController.m in Sources */ = {isa = PBXBuildFile; fileRef = E628CFC11FC6C18E00515345 /* ViewController.m */; };
		E628CFC51FC6C18E00515345 /* Main.storyboard in Resources */ = {isa = PBXBuildFile; fileRef = E628CFC31FC6C18E00515345 /* Main.storyboard */; };
		E628CFC71FC6C18E00515345 /* Assets.xcassets in Resources */ = {isa = PBXBuildFile; fileRef = E628CFC61FC6C18E00515345 /* Assets.xcassets */; };
		E628CFCA1FC6C18E00515345 /* LaunchScreen.storyboard in Resources */ = {isa = PBXBuildFile; fileRef = E628CFC81FC6C18E00515345 /* LaunchScreen.storyboard */; };
		E628CFCD1FC6C18E00515345 /* main.m in Sources */ = {isa = PBXBuildFile; fileRef = E628CFCC1FC6C18E00515345 /* main.m */; };
		E628CFD71FC6C18E00515345 /* wapSellerTests.m in Sources */ = {isa = PBXBuildFile; fileRef = E628CFD61FC6C18E00515345 /* wapSellerTests.m */; };
		E628CFE21FC6C18E00515345 /* wapSellerUITests.m in Sources */ = {isa = PBXBuildFile; fileRef = E628CFE11FC6C18E00515345 /* wapSellerUITests.m */; };
/* End PBXBuildFile section */

/* Begin PBXContainerItemProxy section */
		E628CFD31FC6C18E00515345 /* PBXContainerItemProxy */ = {
			isa = PBXContainerItemProxy;
			containerPortal = E628CFB21FC6C18D00515345 /* Project object */;
			proxyType = 1;
			remoteGlobalIDString = E628CFB91FC6C18E00515345;
			remoteInfo = wapSeller;
		};
		E628CFDE1FC6C18E00515345 /* PBXContainerItemProxy */ = {
			isa = PBXContainerItemProxy;
			containerPortal = E628CFB21FC6C18D00515345 /* Project object */;
			proxyType = 1;
			remoteGlobalIDString = E628CFB91FC6C18E00515345;
			remoteInfo = wapSeller;
		};
/* End PBXContainerItemProxy section */

/* Begin PBXFileReference section */
		E628CFBA1FC6C18E00515345 /* wapSeller.app */ = {isa = PBXFileReference; explicitFileType = wrapper.application; includeInIndex = 0; path = wapSeller.app; sourceTree = BUILT_PRODUCTS_DIR; };
		E628CFBD1FC6C18E00515345 /* AppDelegate.h */ = {isa = PBXFileReference; lastKnownFileType = sourcecode.c.h; path = AppDelegate.h; sourceTree = "<group>"; };
		E628CFBE1FC6C18E00515345 /* AppDelegate.m */ = {isa = PBXFileReference; lastKnownFileType = sourcecode.c.objc; path = AppDelegate.m; sourceTree = "<group>"; };
		E628CFC01FC6C18E00515345 /* ViewController.h */ = {isa = PBXFileReference; lastKnownFileType = sourcecode.c.h; path = ViewController.h; sourceTree = "<group>"; };
		E628CFC11FC6C18E00515345 /* ViewController.m */ = {isa = PBXFileReference; lastKnownFileType = sourcecode.c.objc; path = ViewController.m; sourceTree = "<group>"; };
		E628CFC41FC6C18E00515345 /* Base */ = {isa = PBXFileReference; lastKnownFileType = file.storyboard; name = Base; path = Base.lproj/Main.storyboard; sourceTree = "<group>"; };
		E628CFC61FC6C18E00515345 /* Assets.xcassets */ = {isa = PBXFileReference; lastKnownFileType = folder.assetcatalog; path = Assets.xcassets; sourceTree = "<group>"; };
		E628CFC91FC6C18E00515345 /* Base */ = {isa = PBXFileReference; lastKnownFileType = file.storyboard; name = Base; path = Base.lproj/LaunchScreen.storyboard; sourceTree = "<group>"; };
		E628CFCB1FC6C18E00515345 /* Info.plist */ = {isa = PBXFileReference; lastKnownFileType = text.plist.xml; path = Info.plist; sourceTree = "<group>"; };
		E628CFCC1FC6C18E00515345 /* main.m */ = {isa = PBXFileReference; lastKnownFileType = sourcecode.c.objc; path = main.m; sourceTree = "<group>"; };
		E628CFD21FC6C18E00515345 /* wapSellerTests.xctest */ = {isa = PBXFileReference; explicitFileType = wrapper.cfbundle; includeInIndex = 0; path = wapSellerTests.xctest; sourceTree = BUILT_PRODUCTS_DIR; };
		E628CFD61FC6C18E00515345 /* wapSellerTests.m */ = {isa = PBXFileReference; lastKnownFileType = sourcecode.c.objc; path = wapSellerTests.m; sourceTree = "<group>"; };
		E628CFD81FC6C18E00515345 /* Info.plist */ = {isa = PBXFileReference; lastKnownFileType = text.plist.xml; path = Info.plist; sourceTree = "<group>"; };
		E628CFDD1FC6C18E00515345 /* wapSellerUITests.xctest */ = {isa = PBXFileReference; explicitFileType = wrapper.cfbundle; includeInIndex = 0; path = wapSellerUITests.xctest; sourceTree = BUILT_PRODUCTS_DIR; };
		E628CFE11FC6C18E00515345 /* wapSellerUITests.m */ = {isa = PBXFileReference; lastKnownFileType = sourcecode.c.objc; path = wapSellerUITests.m; sourceTree = "<group>"; };
		E628CFE31FC6C18E00515345 /* Info.plist */ = {isa = PBXFileReference; lastKnownFileType = text.plist.xml; path = Info.plist; sourceTree = "<group>"; };
/* End PBXFileReference section */

/* Begin PBXFrameworksBuildPhase section */
		E628CFB71FC6C18E00515345 /* Frameworks */ = {
			isa = PBXFrameworksBuildPhase;
			buildActionMask = 2147483647;
			files = (
			);
			runOnlyForDeploymentPostprocessing = 0;
		};
		E628CFCF1FC6C18E00515345 /* Frameworks */ = {
			isa = PBXFrameworksBuildPhase;
			buildActionMask = 2147483647;
			files = (
			);
			runOnlyForDeploymentPostprocessing = 0;
		};
		E628CFDA1FC6C18E00515345 /* Frameworks */ = {
			isa = PBXFrameworksBuildPhase;
			buildActionMask = 2147483647;
			files = (
			);
			runOnlyForDeploymentPostprocessing = 0;
		};
/* End PBXFrameworksBuildPhase section */

/* Begin PBXGroup section */
		E628CFB11FC6C18D00515345 = {
			isa = PBXGroup;
			children = (
				E628CFBC1FC6C18E00515345 /* wapSeller */,
				E628CFD51FC6C18E00515345 /* wapSellerTests */,
				E628CFE01FC6C18E00515345 /* wapSellerUITests */,
				E628CFBB1FC6C18E00515345 /* Products */,
			);
			sourceTree = "<group>";
		};
		E628CFBB1FC6C18E00515345 /* Products */ = {
			isa = PBXGroup;
			children = (
				E628CFBA1FC6C18E00515345 /* wapSeller.app */,
				E628CFD21FC6C18E00515345 /* wapSellerTests.xctest */,
				E628CFDD1FC6C18E00515345 /* wapSellerUITests.xctest */,
			);
			name = Products;
			sourceTree = "<group>";
		};
		E628CFBC1FC6C18E00515345 /* wapSeller */ = {
			isa = PBXGroup;
			children = (
				E628CFBD1FC6C18E00515345 /* AppDelegate.h */,
				E628CFBE1FC6C18E00515345 /* AppDelegate.m */,
				E628CFC01FC6C18E00515345 /* ViewController.h */,
				E628CFC11FC6C18E00515345 /* ViewController.m */,
				E628CFC31FC6C18E00515345 /* Main.storyboard */,
				E628CFC61FC6C18E00515345 /* Assets.xcassets */,
				E628CFC81FC6C18E00515345 /* LaunchScreen.storyboard */,
				E628CFCB1FC6C18E00515345 /* Info.plist */,
				E628CFCC1FC6C18E00515345 /* main.m */,
			);
			path = wapSeller;
			sourceTree = "<group>";
		};
		E628CFD51FC6C18E00515345 /* wapSellerTests */ = {
			isa = PBXGroup;
			children = (
				E628CFD61FC6C18E00515345 /* wapSellerTests.m */,
				E628CFD81FC6C18E00515345 /* Info.plist */,
			);
			path = wapSellerTests;
			sourceTree = "<group>";
		};
		E628CFE01FC6C18E00515345 /* wapSellerUITests */ = {
			isa = PBXGroup;
			children = (
				E628CFE11FC6C18E00515345 /* wapSellerUITests.m */,
				E628CFE31FC6C18E00515345 /* Info.plist */,
			);
			path = wapSellerUITests;
			sourceTree = "<group>";
		};
/* End PBXGroup section */

/* Begin PBXNativeTarget section */
		E628CFB91FC6C18E00515345 /* wapSeller */ = {
			isa = PBXNativeTarget;
			buildConfigurationList = E628CFE61FC6C18E00515345 /* Build configuration list for PBXNativeTarget "wapSeller" */;
			buildPhases = (
				E628CFB61FC6C18E00515345 /* Sources */,
				E628CFB71FC6C18E00515345 /* Frameworks */,
				E628CFB81FC6C18E00515345 /* Resources */,
			);
			buildRules = (
			);
			dependencies = (
			);
			name = wapSeller;
			productName = wapSeller;
			productReference = E628CFBA1FC6C18E00515345 /* wapSeller.app */;
			productType = "com.apple.product-type.application";
		};
		E628CFD11FC6C18E00515345 /* wapSellerTests */ = {
			isa = PBXNativeTarget;
			buildConfigurationList = E628CFE91FC6C18E00515345 /* Build configuration list for PBXNativeTarget "wapSellerTests" */;
			buildPhases = (
				E628CFCE1FC6C18E00515345 /* Sources */,
				E628CFCF1FC6C18E00515345 /* Frameworks */,
				E628CFD01FC6C18E00515345 /* Resources */,
			);
			buildRules = (
			);
			dependencies = (
				E628CFD41FC6C18E00515345 /* PBXTargetDependency */,
			);
			name = wapSellerTests;
			productName = wapSellerTests;
			productReference = E628CFD21FC6C18E00515345 /* wapSellerTests.xctest */;
			productType = "com.apple.product-type.bundle.unit-test";
		};
		E628CFDC1FC6C18E00515345 /* wapSellerUITests */ = {
			isa = PBXNativeTarget;
			buildConfigurationList = E628CFEC1FC6C18E00515345 /* Build configuration list for PBXNativeTarget "wapSellerUITests" */;
			buildPhases = (
				E628CFD91FC6C18E00515345 /* Sources */,
				E628CFDA1FC6C18E00515345 /* Frameworks */,
				E628CFDB1FC6C18E00515345 /* Resources */,
			);
			buildRules = (
			);
			dependencies = (
				E628CFDF1FC6C18E00515345 /* PBXTargetDependency */,
			);
			name = wapSellerUITests;
			productName = wapSellerUITests;
			productReference = E628CFDD1FC6C18E00515345 /* wapSellerUITests.xctest */;
			productType = "com.apple.product-type.bundle.ui-testing";
		};
/* End PBXNativeTarget section */

/* Begin PBXProject section */
		E628CFB21FC6C18D00515345 /* Project object */ = {
			isa = PBXProject;
			attributes = {
				LastUpgradeCheck = 0910;
				ORGANIZATIONNAME = mjyg;
				TargetAttributes = {
					E628CFB91FC6C18E00515345 = {
						CreatedOnToolsVersion = 9.1;
						ProvisioningStyle = Automatic;
					};
					E628CFD11FC6C18E00515345 = {
						CreatedOnToolsVersion = 9.1;
						ProvisioningStyle = Automatic;
						TestTargetID = E628CFB91FC6C18E00515345;
					};
					E628CFDC1FC6C18E00515345 = {
						CreatedOnToolsVersion = 9.1;
						ProvisioningStyle = Automatic;
						TestTargetID = E628CFB91FC6C18E00515345;
					};
				};
			};
			buildConfigurationList = E628CFB51FC6C18D00515345 /* Build configuration list for PBXProject "wapSeller" */;
			compatibilityVersion = "Xcode 8.0";
			developmentRegion = en;
			hasScannedForEncodings = 0;
			knownRegions = (
				en,
				Base,
			);
			mainGroup = E628CFB11FC6C18D00515345;
			productRefGroup = E628CFBB1FC6C18E00515345 /* Products */;
			projectDirPath = "";
			projectRoot = "";
			targets = (
				E628CFB91FC6C18E00515345 /* wapSeller */,
				E628CFD11FC6C18E00515345 /* wapSellerTests */,
				E628CFDC1FC6C18E00515345 /* wapSellerUITests */,
			);
		};
/* End PBXProject section */

/* Begin PBXResourcesBuildPhase section */
		E628CFB81FC6C18E00515345 /* Resources */ = {
			isa = PBXResourcesBuildPhase;
			buildActionMask = 2147483647;
			files = (
				E628CFCA1FC6C18E00515345 /* LaunchScreen.storyboard in Resources */,
				E628CFC71FC6C18E00515345 /* Assets.xcassets in Resources */,
				E628CFC51FC6C18E00515345 /* Main.storyboard in Resources */,
			);
			runOnlyForDeploymentPostprocessing = 0;
		};
		E628CFD01FC6C18E00515345 /* Resources */ = {
			isa = PBXResourcesBuildPhase;
			buildActionMask = 2147483647;
			files = (
			);
			runOnlyForDeploymentPostprocessing = 0;
		};
		E628CFDB1FC6C18E00515345 /* Resources */ = {
			isa = PBXResourcesBuildPhase;
			buildActionMask = 2147483647;
			files = (
			);
			runOnlyForDeploymentPostprocessing = 0;
		};
/* End PBXResourcesBuildPhase section */

/* Begin PBXSourcesBuildPhase section */
		E628CFB61FC6C18E00515345 /* Sources */ = {
			isa = PBXSourcesBuildPhase;
			buildActionMask = 2147483647;
			files = (
				E628CFC21FC6C18E00515345 /* ViewController.m in Sources */,
				E628CFCD1FC6C18E00515345 /* main.m in Sources */,
				E628CFBF1FC6C18E00515345 /* AppDelegate.m in Sources */,
			);
			runOnlyForDeploymentPostprocessing = 0;
		};
		E628CFCE1FC6C18E00515345 /* Sources */ = {
			isa = PBXSourcesBuildPhase;
			buildActionMask = 2147483647;
			files = (
				E628CFD71FC6C18E00515345 /* wapSellerTests.m in Sources */,
			);
			runOnlyForDeploymentPostprocessing = 0;
		};
		E628CFD91FC6C18E00515345 /* Sources */ = {
			isa = PBXSourcesBuildPhase;
			buildActionMask = 2147483647;
			files = (
				E628CFE21FC6C18E00515345 /* wapSellerUITests.m in Sources */,
			);
			runOnlyForDeploymentPostprocessing = 0;
		};
/* End PBXSourcesBuildPhase section */

/* Begin PBXTargetDependency section */
		E628CFD41FC6C18E00515345 /* PBXTargetDependency */ = {
			isa = PBXTargetDependency;
			target = E628CFB91FC6C18E00515345 /* wapSeller */;
			targetProxy = E628CFD31FC6C18E00515345 /* PBXContainerItemProxy */;
		};
		E628CFDF1FC6C18E00515345 /* PBXTargetDependency */ = {
			isa = PBXTargetDependency;
			target = E628CFB91FC6C18E00515345 /* wapSeller */;
			targetProxy = E628CFDE1FC6C18E00515345 /* PBXContainerItemProxy */;
		};
/* End PBXTargetDependency section */

/* Begin PBXVariantGroup section */
		E628CFC31FC6C18E00515345 /* Main.storyboard */ = {
			isa = PBXVariantGroup;
			children = (
				E628CFC41FC6C18E00515345 /* Base */,
			);
			name = Main.storyboard;
			sourceTree = "<group>";
		};
		E628CFC81FC6C18E00515345 /* LaunchScreen.storyboard */ = {
			isa = PBXVariantGroup;
			children = (
				E628CFC91FC6C18E00515345 /* Base */,
			);
			name = LaunchScreen.storyboard;
			sourceTree = "<group>";
		};
/* End PBXVariantGroup section */

/* Begin XCBuildConfiguration section */
		E628CFE41FC6C18E00515345 /* Debug */ = {
			isa = XCBuildConfiguration;
			buildSettings = {
				ALWAYS_SEARCH_USER_PATHS = NO;
				CLANG_ANALYZER_NONNULL = YES;
				CLANG_ANALYZER_NUMBER_OBJECT_CONVERSION = YES_AGGRESSIVE;
				CLANG_CXX_LANGUAGE_STANDARD = "gnu++14";
				CLANG_CXX_LIBRARY = "libc++";
				CLANG_ENABLE_MODULES = YES;
				CLANG_ENABLE_OBJC_ARC = YES;
				CLANG_WARN_BLOCK_CAPTURE_AUTORELEASING = YES;
				CLANG_WARN_BOOL_CONVERSION = YES;
				CLANG_WARN_COMMA = YES;
				CLANG_WARN_CONSTANT_CONVERSION = YES;
				CLANG_WARN_DIRECT_OBJC_ISA_USAGE = YES_ERROR;
				CLANG_WARN_DOCUMENTATION_COMMENTS = YES;
				CLANG_WARN_EMPTY_BODY = YES;
				CLANG_WARN_ENUM_CONVERSION = YES;
				CLANG_WARN_INFINITE_RECURSION = YES;
				CLANG_WARN_INT_CONVERSION = YES;
				CLANG_WARN_NON_LITERAL_NULL_CONVERSION = YES;
				CLANG_WARN_OBJC_LITERAL_CONVERSION = YES;
				CLANG_WARN_OBJC_ROOT_CLASS = YES_ERROR;
				CLANG_WARN_RANGE_LOOP_ANALYSIS = YES;
				CLANG_WARN_STRICT_PROTOTYPES = YES;
				CLANG_WARN_SUSPICIOUS_MOVE = YES;
				CLANG_WARN_UNGUARDED_AVAILABILITY = YES_AGGRESSIVE;
				CLANG_WARN_UNREACHABLE_CODE = YES;
				CLANG_WARN__DUPLICATE_METHOD_MATCH = YES;
				CODE_SIGN_IDENTITY = "iPhone Developer";
				COPY_PHASE_STRIP = NO;
				DEBUG_INFORMATION_FORMAT = dwarf;
				ENABLE_STRICT_OBJC_MSGSEND = YES;
				ENABLE_TESTABILITY = YES;
				GCC_C_LANGUAGE_STANDARD = gnu11;
				GCC_DYNAMIC_NO_PIC = NO;
				GCC_NO_COMMON_BLOCKS = YES;
				GCC_OPTIMIZATION_LEVEL = 0;
				GCC_PREPROCESSOR_DEFINITIONS = (
					"DEBUG=1",
					"$(inherited)",
				);
				GCC_WARN_64_TO_32_BIT_CONVERSION = YES;
				GCC_WARN_ABOUT_RETURN_TYPE = YES_ERROR;
				GCC_WARN_UNDECLARED_SELECTOR = YES;
				GCC_WARN_UNINITIALIZED_AUTOS = YES_AGGRESSIVE;
				GCC_WARN_UNUSED_FUNCTION = YES;
				GCC_WARN_UNUSED_VARIABLE = YES;
				IPHONEOS_DEPLOYMENT_TARGET = 11.1;
				MTL_ENABLE_DEBUG_INFO = YES;
				ONLY_ACTIVE_ARCH = YES;
				SDKROOT = iphoneos;
			};
			name = Debug;
		};
		E628CFE51FC6C18E00515345 /* Release */ = {
			isa = XCBuildConfiguration;
			buildSettings = {
				ALWAYS_SEARCH_USER_PATHS = NO;
				CLANG_ANALYZER_NONNULL = YES;
				CLANG_ANALYZER_NUMBER_OBJECT_CONVERSION = YES_AGGRESSIVE;
				CLANG_CXX_LANGUAGE_STANDARD = "gnu++14";
				CLANG_CXX_LIBRARY = "libc++";
				CLANG_ENABLE_MODULES = YES;
				CLANG_ENABLE_OBJC_ARC = YES;
				CLANG_WARN_BLOCK_CAPTURE_AUTORELEASING = YES;
				CLANG_WARN_BOOL_CONVERSION = YES;
				CLANG_WARN_COMMA = YES;
				CLANG_WARN_CONSTANT_CONVERSION = YES;
				CLANG_WARN_DIRECT_OBJC_ISA_USAGE = YES_ERROR;
				CLANG_WARN_DOCUMENTATION_COMMENTS = YES;
				CLANG_WARN_EMPTY_BODY = YES;
				CLANG_WARN_ENUM_CONVERSION = YES;
				CLANG_WARN_INFINITE_RECURSION = YES;
				CLANG_WARN_INT_CONVERSION = YES;
				CLANG_WARN_NON_LITERAL_NULL_CONVERSION = YES;
				CLANG_WARN_OBJC_LITERAL_CONVERSION = YES;
				CLANG_WARN_OBJC_ROOT_CLASS = YES_ERROR;
				CLANG_WARN_RANGE_LOOP_ANALYSIS = YES;
				CLANG_WARN_STRICT_PROTOTYPES = YES;
				CLANG_WARN_SUSPICIOUS_MOVE = YES;
				CLANG_WARN_UNGUARDED_AVAILABILITY = YES_AGGRESSIVE;
				CLANG_WARN_UNREACHABLE_CODE = YES;
				CLANG_WARN__DUPLICATE_METHOD_MATCH = YES;
				CODE_SIGN_IDENTITY = "iPhone Developer";
				COPY_PHASE_STRIP = NO;
				DEBUG_INFORMATION_FORMAT = "dwarf-with-dsym";
				ENABLE_NS_ASSERTIONS = NO;
				ENABLE_STRICT_OBJC_MSGSEND = YES;
				GCC_C_LANGUAGE_STANDARD = gnu11;
				GCC_NO_COMMON_BLOCKS = YES;
				GCC_WARN_64_TO_32_BIT_CONVERSION = YES;
				GCC_WARN_ABOUT_RETURN_TYPE = YES_ERROR;
				GCC_WARN_UNDECLARED_SELECTOR = YES;
				GCC_WARN_UNINITIALIZED_AUTOS = YES_AGGRESSIVE;
				GCC_WARN_UNUSED_FUNCTION = YES;
				GCC_WARN_UNUSED_VARIABLE = YES;
				IPHONEOS_DEPLOYMENT_TARGET = 11.1;
				MTL_ENABLE_DEBUG_INFO = NO;
				SDKROOT = iphoneos;
				VALIDATE_PRODUCT = YES;
			};
			name = Release;
		};
		E628CFE71FC6C18E00515345 /* Debug */ = {
			isa = XCBuildConfiguration;
			buildSettings = {
				ASSETCATALOG_COMPILER_APPICON_NAME = AppIcon;
				CODE_SIGN_STYLE = Automatic;
				INFOPLIST_FILE = wapSeller/Info.plist;
				LD_RUNPATH_SEARCH_PATHS = "$(inherited) @executable_path/Frameworks";
				PRODUCT_BUNDLE_IDENTIFIER = com.mjyg360.wapSeller;
				PRODUCT_NAME = "$(TARGET_NAME)";
				TARGETED_DEVICE_FAMILY = "1,2";
			};
			name = Debug;
		};
		E628CFE81FC6C18E00515345 /* Release */ = {
			isa = XCBuildConfiguration;
			buildSettings = {
				ASSETCATALOG_COMPILER_APPICON_NAME = AppIcon;
				CODE_SIGN_STYLE = Automatic;
				INFOPLIST_FILE = wapSeller/Info.plist;
				LD_RUNPATH_SEARCH_PATHS = "$(inherited) @executable_path/Frameworks";
				PRODUCT_BUNDLE_IDENTIFIER = com.mjyg360.wapSeller;
				PRODUCT_NAME = "$(TARGET_NAME)";
				TARGETED_DEVICE_FAMILY = "1,2";
			};
			name = Release;
		};
		E628CFEA1FC6C18E00515345 /* Debug */ = {
			isa = XCBuildConfiguration;
			buildSettings = {
				BUNDLE_LOADER = "$(TEST_HOST)";
				CODE_SIGN_STYLE = Automatic;
				INFOPLIST_FILE = wapSellerTests/Info.plist;
				LD_RUNPATH_SEARCH_PATHS = "$(inherited) @executable_path/Frameworks @loader_path/Frameworks";
				PRODUCT_BUNDLE_IDENTIFIER = com.mjyg360.wapSellerTests;
				PRODUCT_NAME = "$(TARGET_NAME)";
				TARGETED_DEVICE_FAMILY = "1,2";
				TEST_HOST = "$(BUILT_PRODUCTS_DIR)/wapSeller.app/wapSeller";
			};
			name = Debug;
		};
		E628CFEB1FC6C18E00515345 /* Release */ = {
			isa = XCBuildConfiguration;
			buildSettings = {
				BUNDLE_LOADER = "$(TEST_HOST)";
				CODE_SIGN_STYLE = Automatic;
				INFOPLIST_FILE = wapSellerTests/Info.plist;
				LD_RUNPATH_SEARCH_PATHS = "$(inherited) @executable_path/Frameworks @loader_path/Frameworks";
				PRODUCT_BUNDLE_IDENTIFIER = com.mjyg360.wapSellerTests;
				PRODUCT_NAME = "$(TARGET_NAME)";
				TARGETED_DEVICE_FAMILY = "1,2";
				TEST_HOST = "$(BUILT_PRODUCTS_DIR)/wapSeller.app/wapSeller";
			};
			name = Release;
		};
		E628CFED1FC6C18E00515345 /* Debug */ = {
			isa = XCBuildConfiguration;
			buildSettings = {
				CODE_SIGN_STYLE = Automatic;
				INFOPLIST_FILE = wapSellerUITests/Info.plist;
				LD_RUNPATH_SEARCH_PATHS = "$(inherited) @executable_path/Frameworks @loader_path/Frameworks";
				PRODUCT_BUNDLE_IDENTIFIER = com.mjyg360.wapSellerUITests;
				PRODUCT_NAME = "$(TARGET_NAME)";
				TARGETED_DEVICE_FAMILY = "1,2";
				TEST_TARGET_NAME = wapSeller;
			};
			name = Debug;
		};
		E628CFEE1FC6C18E00515345 /* Release */ = {
			isa = XCBuildConfiguration;
			buildSettings = {
				CODE_SIGN_STYLE = Automatic;
				INFOPLIST_FILE = wapSellerUITests/Info.plist;
				LD_RUNPATH_SEARCH_PATHS = "$(inherited) @executable_path/Frameworks @loader_path/Frameworks";
				PRODUCT_BUNDLE_IDENTIFIER = com.mjyg360.wapSellerUITests;
				PRODUCT_NAME = "$(TARGET_NAME)";
				TARGETED_DEVICE_FAMILY = "1,2";
				TEST_TARGET_NAME = wapSeller;
			};
			name = Release;
		};
/* End XCBuildConfiguration section */

/* Begin XCConfigurationList section */
		E628CFB51FC6C18D00515345 /* Build configuration list for PBXProject "wapSeller" */ = {
			isa = XCConfigurationList;
			buildConfigurations = (
				E628CFE41FC6C18E00515345 /* Debug */,
				E628CFE51FC6C18E00515345 /* Release */,
			);
			defaultConfigurationIsVisible = 0;
			defaultConfigurationName = Release;
		};
		E628CFE61FC6C18E00515345 /* Build configuration list for PBXNativeTarget "wapSeller" */ = {
			isa = XCConfigurationList;
			buildConfigurations = (
				E628CFE71FC6C18E00515345 /* Debug */,
				E628CFE81FC6C18E00515345 /* Release */,
			);
			defaultConfigurationIsVisible = 0;
			defaultConfigurationName = Release;
		};
		E628CFE91FC6C18E00515345 /* Build configuration list for PBXNativeTarget "wapSellerTests" */ = {
			isa = XCConfigurationList;
			buildConfigurations = (
				E628CFEA1FC6C18E00515345 /* Debug */,
				E628CFEB1FC6C18E00515345 /* Release */,
			);
			defaultConfigurationIsVisible = 0;
			defaultConfigurationName = Release;
		};
		E628CFEC1FC6C18E00515345 /* Build configuration list for PBXNativeTarget "wapSellerUITests" */ = {
			isa = XCConfigurationList;
			buildConfigurations = (
				E628CFED1FC6C18E00515345 /* Debug */,
				E628CFEE1FC6C18E00515345 /* Release */,
			);
			defaultConfigurationIsVisible = 0;
			defaultConfigurationName = Release;
		};
/* End XCConfigurationList section */
	};
	rootObject = E628CFB21FC6C18D00515345 /* Project object */;
}
